{
  "name": "agent-shunt",
  "version": "0.1.0",
  "lockfileVersion": 3,
  "requires": true,
  "packages": {
    "": {
      "name": "agent-shunt",
      "version": "0.1.0",
      "license": "MIT",
      "bin": {
        "agent-shunt": "bin/agent-shunt.mjs"
      },
      "engines": {
        "node": ">=20"
      }
    }
  }
}
